
Microsoft Visual Studio Solution File, Format Version 12.00
# Visual Studio 2012
Project("{FAE04EC0-301F-11D3-BF4B-00C04F79EFBC}") = "BSK2", "BSK2\BSK2.csproj", "{08100349-7E52-4D3B-8861-F9F543717310}"
EndProject
Global
	GlobalSection(SolutionConfigurationPlatforms) = preSolution
		Debug|Any CPU = Debug|Any CPU
		Release|Any CPU = Release|Any CPU
	EndGlobalSection
	GlobalSection(ProjectConfigurationPlatforms) = postSolution
		{08100349-7E52-4D3B-8861-F9F543717310}.Debug|Any CPU.ActiveCfg = Debug|Any CPU
		{08100349-7E52-4D3B-8861-F9F543717310}.Debug|Any CPU.Build.0 = Debug|Any CPU
		{08100349-7E52-4D3B-8861-F9F543717310}.Release|Any CPU.ActiveCfg = Release|Any CPU
		{08100349-7E52-4D3B-8861-F9F543717310}.Release|Any CPU.Build.0 = Release|Any CPU
	EndGlobalSection
	GlobalSection(SolutionProperties) = preSolution
		HideSolutionNode = FALSE
	EndGlobalSection
EndGlobal
